
Microsoft Visual Studio Solution File, Format Version 12.00
# Visual Studio 14
VisualStudioVersion = 14.0.25420.1
MinimumVisualStudioVersion = 10.0.40219.1
Project("{2150E333-8FDC-42A3-9474-1A3956D46DE8}") = "src", "src", "{5E0D6D56-01D9-4492-8F0F-700D486BA500}"
EndProject
Project("{2150E333-8FDC-42A3-9474-1A3956D46DE8}") = "Solution Items", "Solution Items", "{C2FA516C-CC24-4FF9-9F26-976614768DCB}"
	ProjectSection(SolutionItems) = preProject
		global.json = global.json
	EndProjectSection
EndProject
Project("{8BB2217D-0F2D-49D1-97BC-3654ED321F3B}") = "SchoolRegistrationDemo", "src\SchoolRegistrationDemo\SchoolRegistrationDemo.xproj", "{4111ED87-46AE-4C0D-9F1D-A94F2BEA3A44}"
EndProject
Global
	GlobalSection(SolutionConfigurationPlatforms) = preSolution
		Debug|Any CPU = Debug|Any CPU
		Release|Any CPU = Release|Any CPU
	EndGlobalSection
	GlobalSection(ProjectConfigurationPlatforms) = postSolution
		{4111ED87-46AE-4C0D-9F1D-A94F2BEA3A44}.Debug|Any CPU.ActiveCfg = Debug|Any CPU
		{4111ED87-46AE-4C0D-9F1D-A94F2BEA3A44}.Debug|Any CPU.Build.0 = Debug|Any CPU
		{4111ED87-46AE-4C0D-9F1D-A94F2BEA3A44}.Release|Any CPU.ActiveCfg = Release|Any CPU
		{4111ED87-46AE-4C0D-9F1D-A94F2BEA3A44}.Release|Any CPU.Build.0 = Release|Any CPU
	EndGlobalSection
	GlobalSection(SolutionProperties) = preSolution
		HideSolutionNode = FALSE
	EndGlobalSection
	GlobalSection(NestedProjects) = preSolution
		{4111ED87-46AE-4C0D-9F1D-A94F2BEA3A44} = {5E0D6D56-01D9-4492-8F0F-700D486BA500}
	EndGlobalSection
EndGlobal
